
Microsoft Visual Studio Solution File, Format Version 12.00
# Visual Studio Version 16
VisualStudioVersion = 16.0.31624.102
MinimumVisualStudioVersion = 10.0.40219.1
Project("{FAE04EC0-301F-11D3-BF4B-00C04F79EFBC}") = "MedicalTreament", "MedicalTreament\MedicalTreament.csproj", "{AB69E787-7DB0-4EFF-B2C1-67B14287AF9D}"
EndProject
Project("{FAE04EC0-301F-11D3-BF4B-00C04F79EFBC}") = "Model", "Model\Model.csproj", "{5047F3B9-CA81-42C2-AFDA-78FF9ECBD9B0}"
EndProject
Project("{FAE04EC0-301F-11D3-BF4B-00C04F79EFBC}") = "BusinessLayer", "BusinessLayer\BusinessLayer.csproj", "{349CD6C6-C18E-46AE-B397-4B641C5503FD}"
EndProject
Project("{FAE04EC0-301F-11D3-BF4B-00C04F79EFBC}") = "DataLayer", "DataLayer\DataLayer.csproj", "{16C951BE-522F-495F-873B-751A2B72F9BB}"
EndProject
Global
	GlobalSection(SolutionConfigurationPlatforms) = preSolution
		Debug|Any CPU = Debug|Any CPU
		Release|Any CPU = Release|Any CPU
	EndGlobalSection
	GlobalSection(ProjectConfigurationPlatforms) = postSolution
		{AB69E787-7DB0-4EFF-B2C1-67B14287AF9D}.Debug|Any CPU.ActiveCfg = Debug|Any CPU
		{AB69E787-7DB0-4EFF-B2C1-67B14287AF9D}.Debug|Any CPU.Build.0 = Debug|Any CPU
		{AB69E787-7DB0-4EFF-B2C1-67B14287AF9D}.Release|Any CPU.ActiveCfg = Release|Any CPU
		{AB69E787-7DB0-4EFF-B2C1-67B14287AF9D}.Release|Any CPU.Build.0 = Release|Any CPU
		{5047F3B9-CA81-42C2-AFDA-78FF9ECBD9B0}.Debug|Any CPU.ActiveCfg = Debug|Any CPU
		{5047F3B9-CA81-42C2-AFDA-78FF9ECBD9B0}.Debug|Any CPU.Build.0 = Debug|Any CPU
		{5047F3B9-CA81-42C2-AFDA-78FF9ECBD9B0}.Release|Any CPU.ActiveCfg = Release|Any CPU
		{5047F3B9-CA81-42C2-AFDA-78FF9ECBD9B0}.Release|Any CPU.Build.0 = Release|Any CPU
		{349CD6C6-C18E-46AE-B397-4B641C5503FD}.Debug|Any CPU.ActiveCfg = Debug|Any CPU
		{349CD6C6-C18E-46AE-B397-4B641C5503FD}.Debug|Any CPU.Build.0 = Debug|Any CPU
		{349CD6C6-C18E-46AE-B397-4B641C5503FD}.Release|Any CPU.ActiveCfg = Release|Any CPU
		{349CD6C6-C18E-46AE-B397-4B641C5503FD}.Release|Any CPU.Build.0 = Release|Any CPU
		{16C951BE-522F-495F-873B-751A2B72F9BB}.Debug|Any CPU.ActiveCfg = Debug|Any CPU
		{16C951BE-522F-495F-873B-751A2B72F9BB}.Debug|Any CPU.Build.0 = Debug|Any CPU
		{16C951BE-522F-495F-873B-751A2B72F9BB}.Release|Any CPU.ActiveCfg = Release|Any CPU
		{16C951BE-522F-495F-873B-751A2B72F9BB}.Release|Any CPU.Build.0 = Release|Any CPU
	EndGlobalSection
	GlobalSection(SolutionProperties) = preSolution
		HideSolutionNode = FALSE
	EndGlobalSection
	GlobalSection(ExtensibilityGlobals) = postSolution
		SolutionGuid = {F6D5D7E2-ABC6-41FC-982C-2816C5D26D59}
	EndGlobalSection
EndGlobal
